<?xml version="1.0" encoding="utf-8"?>
<Project ToolsVersion="4.0" xmlns="http://schemas.microsoft.com/developer/msbuild/2003">
  <ItemGroup>
    <Filter Include="Source Files">
      <UniqueIdentifier>{4FC737F1-C7A5-4376-A066-2A32D752A2FF}</UniqueIdentifier>
      <Extensions>cpp;c;cc;cxx;c++;cppm;ixx;def;odl;idl;hpj;bat;asm;asmx</Extensions>
    </Filter>
    <Filter Include="Header Files">
      <UniqueIdentifier>{93995380-89BD-4b04-88EB-625FBE52EBFB}</UniqueIdentifier>
      <Extensions>h;hh;hpp;hxx;h++;hm;inl;inc;ipp;xsd</Extensions>
    </Filter>
    <Filter Include="Resource Files">
      <UniqueIdentifier>{67DA6AB6-F800-4c08-8B7A-83BB121AAD01}</UniqueIdentifier>
      <Extensions>rc;ico;cur;bmp;dlg;rc2;rct;bin;rgs;gif;jpg;jpeg;jpe;resx;tiff;tif;png;wav;mfcribbon-ms</Extensions>
    </Filter>
    <Filter Include="Header Files\Dependencies">
      <UniqueIdentifier>{cf3aebf0-57a3-4c81-9182-541b9604f231}</UniqueIdentifier>
    </Filter>
    <Filter Include="Source Files\Dependencies">
      <UniqueIdentifier>{4e1cb9af-e07a-42ad-b52b-03f8758f10c2}</UniqueIdentifier>
    </Filter>
    <Filter Include="Header Files\Dependencies\ImGUI">
      <UniqueIdentifier>{3685f7c3-bd2a-4f68-84a4-f95ed837c12b}</UniqueIdentifier>
    </Filter>
    <Filter Include="Source Files\Dependencies\ImGUI">
      <UniqueIdentifier>{91c09b9a-5e2d-486d-9158-af5fd8ea51ac}</UniqueIdentifier>
    </Filter>
    <Filter Include="Header Files\Utils">
      <UniqueIdentifier>{507b3dc2-b280-4b88-9ca3-2888759808a1}</UniqueIdentifier>
    </Filter>
    <Filter Include="Resource Files\Assets">
      <UniqueIdentifier>{8b90fb5b-511d-469f-8542-6edc8152366c}</UniqueIdentifier>
    </Filter>
    <Filter Include="Source Files\Utils">
      <UniqueIdentifier>{444ad255-ddf7-4d2d-9f2f-60b819f2ed59}</UniqueIdentifier>
    </Filter>
    <Filter Include="Header Files\Scenes">
      <UniqueIdentifier>{49b237da-55ec-47d7-a031-4017e37a2714}</UniqueIdentifier>
    </Filter>
    <Filter Include="Source Files\Scenes">
      <UniqueIdentifier>{a09f45cd-08d0-421d-9c1d-8518fd75cfef}</UniqueIdentifier>
    </Filter>
    <Filter Include="Header Files\Interfaces">
      <UniqueIdentifier>{ddb3fe02-fead-4f41-9789-4cc68d93c5c3}</UniqueIdentifier>
    </Filter>
    <Filter Include="Source Files\Interfaces">
      <UniqueIdentifier>{27c95b3e-aa79-440e-9914-b5698e5d03ed}</UniqueIdentifier>
    </Filter>
    <Filter Include="Header Files\GameData">
      <UniqueIdentifier>{80740553-3a5b-44ed-94e2-b5c02e8e7cd7}</UniqueIdentifier>
    </Filter>
    <Filter Include="Header Files\GameData\Pathfinding">
      <UniqueIdentifier>{21bea793-3d94-47fa-bdd6-8eabded37090}</UniqueIdentifier>
    </Filter>
    <Filter Include="Source Files\GameData">
      <UniqueIdentifier>{e7e30cef-6f2d-47d5-bc93-fbd242bb9064}</UniqueIdentifier>
    </Filter>
    <Filter Include="Source Files\GameData\Pathfinding">
      <UniqueIdentifier>{8445e496-1a35-4394-9e2d-70a435a74e9c}</UniqueIdentifier>
    </Filter>
  </ItemGroup>
  <ItemGroup>
    <ClCompile Include="Main.cpp">
      <Filter>Source Files</Filter>
    </ClCompile>
    <ClCompile Include="..\Dependencies\ImGUI\include\imgui.cpp">
      <Filter>Source Files\Dependencies\ImGUI</Filter>
    </ClCompile>
    <ClCompile Include="..\Dependencies\ImGUI\include\imgui_demo.cpp">
      <Filter>Source Files\Dependencies\ImGUI</Filter>
    </ClCompile>
    <ClCompile Include="..\Dependencies\ImGUI\include\imgui_draw.cpp">
      <Filter>Source Files\Dependencies\ImGUI</Filter>
    </ClCompile>
    <ClCompile Include="..\Dependencies\ImGUI\include\imgui_tables.cpp">
      <Filter>Source Files\Dependencies\ImGUI</Filter>
    </ClCompile>
    <ClCompile Include="..\Dependencies\ImGUI\include\imgui_widgets.cpp">
      <Filter>Source Files\Dependencies\ImGUI</Filter>
    </ClCompile>
    <ClCompile Include="..\Dependencies\ImGUI\include\imgui-SFML.cpp">
      <Filter>Source Files\Dependencies\ImGUI</Filter>
    </ClCompile>
    <ClCompile Include="Game.cpp">
      <Filter>Source Files</Filter>
    </ClCompile>
    <ClCompile Include="Config.cpp">
      <Filter>Source Files\Utils</Filter>
    </ClCompile>
    <ClCompile Include="StateMachine.cpp">
      <Filter>Source Files</Filter>
    </ClCompile>
    <ClCompile Include="DefaultScene.cpp">
      <Filter>Source Files\Scenes</Filter>
    </ClCompile>
    <ClCompile Include="ISceneDependant.cpp">
      <Filter>Source Files\Interfaces</Filter>
    </ClCompile>
    <ClCompile Include="Astar.cpp">
      <Filter>Source Files\GameData\Pathfinding</Filter>
    </ClCompile>
    <ClCompile Include="Node.cpp">
      <Filter>Source Files\GameData\Pathfinding</Filter>
    </ClCompile>
    <ClCompile Include="Pathfinding.cpp">
      <Filter>Source Files\GameData\Pathfinding</Filter>
    </ClCompile>
    <ClCompile Include="GridVisualizer.cpp">
      <Filter>Source Files\GameData</Filter>
    </ClCompile>
    <ClCompile Include="Tile.cpp">
      <Filter>Source Files\GameData</Filter>
    </ClCompile>
    <ClCompile Include="TileGrid.cpp">
      <Filter>Source Files\GameData</Filter>
    </ClCompile>
  </ItemGroup>
  <ItemGroup>
    <ClInclude Include="..\Dependencies\ImGUI\include\imconfig.h">
      <Filter>Header Files\Dependencies\ImGUI</Filter>
    </ClInclude>
    <ClInclude Include="..\Dependencies\ImGUI\include\imgui.h">
      <Filter>Header Files\Dependencies\ImGUI</Filter>
    </ClInclude>
    <ClInclude Include="..\Dependencies\ImGUI\include\imgui_internal.h">
      <Filter>Header Files\Dependencies\ImGUI</Filter>
    </ClInclude>
    <ClInclude Include="..\Dependencies\ImGUI\include\imgui-SFML.h">
      <Filter>Header Files\Dependencies\ImGUI</Filter>
    </ClInclude>
    <ClInclude Include="..\Dependencies\ImGUI\include\imgui-SFML_export.h">
      <Filter>Header Files\Dependencies\ImGUI</Filter>
    </ClInclude>
    <ClInclude Include="..\Dependencies\ImGUI\include\imstb_rectpack.h">
      <Filter>Header Files\Dependencies\ImGUI</Filter>
    </ClInclude>
    <ClInclude Include="..\Dependencies\ImGUI\include\imstb_textedit.h">
      <Filter>Header Files\Dependencies\ImGUI</Filter>
    </ClInclude>
    <ClInclude Include="..\Dependencies\ImGUI\include\imstb_truetype.h">
      <Filter>Header Files\Dependencies\ImGUI</Filter>
    </ClInclude>
    <ClInclude Include="Vector2.h">
      <Filter>Header Files\Utils</Filter>
    </ClInclude>
    <ClInclude Include="Delegate.h">
      <Filter>Header Files\Utils</Filter>
    </ClInclude>
    <ClInclude Include="Delegate.hxx">
      <Filter>Header Files\Utils</Filter>
    </ClInclude>
    <ClInclude Include="Game.h">
      <Filter>Header Files</Filter>
    </ClInclude>
    <ClInclude Include="Config.h">
      <Filter>Header Files\Utils</Filter>
    </ClInclude>
    <ClInclude Include="Scene.h">
      <Filter>Header Files</Filter>
    </ClInclude>
    <ClInclude Include="StateMachine.h">
      <Filter>Header Files</Filter>
    </ClInclude>
    <ClInclude Include="DefaultScene.h">
      <Filter>Header Files\Scenes</Filter>
    </ClInclude>
    <ClInclude Include="ISceneDependant.h">
      <Filter>Header Files\Interfaces</Filter>
    </ClInclude>
    <ClInclude Include="Variables.h">
      <Filter>Header Files\Utils</Filter>
    </ClInclude>
    <ClInclude Include="Grid.h">
      <Filter>Header Files\GameData</Filter>
    </ClInclude>
    <ClInclude Include="Grid.hxx">
      <Filter>Header Files\GameData</Filter>
    </ClInclude>
    <ClInclude Include="Tile.h">
      <Filter>Header Files\GameData</Filter>
    </ClInclude>
    <ClInclude Include="Astar.h">
      <Filter>Header Files\GameData\Pathfinding</Filter>
    </ClInclude>
    <ClInclude Include="Pathfinding.h">
      <Filter>Header Files\GameData\Pathfinding</Filter>
    </ClInclude>
    <ClInclude Include="Node.h">
      <Filter>Header Files\GameData\Pathfinding</Filter>
    </ClInclude>
    <ClInclude Include="GridVisualizer.h">
      <Filter>Header Files\GameData</Filter>
    </ClInclude>
    <ClInclude Include="TileGrid.h">
      <Filter>Header Files\GameData</Filter>
    </ClInclude>
  </ItemGroup>
  <ItemGroup>
    <None Include="Assets\config.json">
      <Filter>Resource Files\Assets</Filter>
    </None>
  </ItemGroup>
</Project>